// !$*UTF8*$!
{
	archiveVersion = 1;
	classes = {};
	objectVersion = 56;
	objects = {

/* Begin PBXBuildFile section */
		A658403534DCDFAE75701C4B /* CrimpBlockApp.swift in Sources */ = {isa = PBXBuildFile; fileRef = 3D6C85DA89BAAA37248F4D4C /* CrimpBlockApp.swift */; };
		24D651BBF0F9C23021ACDF1D /* ContentView.swift in Sources */ = {isa = PBXBuildFile; fileRef = A71E1C741FAD504C1462171B /* ContentView.swift */; };
		B36DCB53FC740A4DA5EB8BCE /* Forecast.swift in Sources */ = {isa = PBXBuildFile; fileRef = C43BD3E3C9BDFB29CC44AD87 /* Forecast.swift */; };
		2D0DBF68350AF3995662E19C /* Assets.xcassets in Resources */ = {isa = PBXBuildFile; fileRef = 199D95D3AB13E7DF7CB52182 /* Assets.xcassets */; };
		6E3BC0816F646C5C486516D7 /* CrimpBlockWidget.swift in Sources */ = {isa = PBXBuildFile; fileRef = 6F5EA7A8AFC0BF42C7FC0B3A /* CrimpBlockWidget.swift */; };
		B467629214EFBEB2FB04199B /* Forecast.swift in Sources */ = {isa = PBXBuildFile; fileRef = C43BD3E3C9BDFB29CC44AD87 /* Forecast.swift */; };
		7B005C51A8BC4875A33CDBFE /* TimerActivity.swift in Sources */ = {isa = PBXBuildFile; fileRef = 93BCB9F1D7CF4014B151F718 /* TimerActivity.swift */; };
		AEC822403A5642948B8D9C5F /* TimerActivity.swift in Sources */ = {isa = PBXBuildFile; fileRef = 93BCB9F1D7CF4014B151F718 /* TimerActivity.swift */; };
		61652ECF514B444A8CC3E87F /* RestTimerLiveActivity.swift in Sources */ = {isa = PBXBuildFile; fileRef = 0B8D0DA2E6DD472694D85D8B /* RestTimerLiveActivity.swift */; };
		128EBBE24588227ABA28C1CD /* CrimpBlockWidgetExtension.appex in Embed Foundation Extensions */ = {isa = PBXBuildFile; fileRef = A5221723F055193DCAAC847A /* CrimpBlockWidgetExtension.appex */; settings = {ATTRIBUTES = (RemoveHeadersOnCopy, ); }; };
		DAB2C34289EDD2382CACDE77 /* EngineBridge.swift in Sources */ = {isa = PBXBuildFile; fileRef = A5595828F60D61130A784138 /* EngineBridge.swift */; };
		13D240EE4DA498EFD5E89BE8 /* SessionColours.swift in Sources */ = {isa = PBXBuildFile; fileRef = FA14AB8F8FFE96BF688A5924 /* SessionColours.swift */; };
		645188D9954787F4D2889374 /* NativeEngineDemoView.swift in Sources */ = {isa = PBXBuildFile; fileRef = 149901662BBF4963045E6918 /* NativeEngineDemoView.swift */; };
		A373515748483D2A13434CDA /* engine-core.js in Resources */ = {isa = PBXBuildFile; fileRef = BB9B02DBDC4FFE41757FF766 /* engine-core.js */; };
		FCF14DD78AD6CB70AFB76DA9 /* programs.js in Resources */ = {isa = PBXBuildFile; fileRef = C2057310DAED31D00943FA48 /* programs.js */; };
		07DDDF60CACE6C718CF96CFC /* Keychain.swift in Sources */ = {isa = PBXBuildFile; fileRef = 873E19C52DC25530CF500AD9 /* Keychain.swift */; };
		EF25E52A1F6BD425B6B41F95 /* SupabaseClient.swift in Sources */ = {isa = PBXBuildFile; fileRef = A9C890FA1E5A9CD2C0A9F87F /* SupabaseClient.swift */; };
		AACFEF1380425E657C19125C /* NativeStore.swift in Sources */ = {isa = PBXBuildFile; fileRef = 4A1E3A5314507CA61BAB7667 /* NativeStore.swift */; };
		9B803E261E3B36E9CFA1FB5C /* NativeLoads.swift in Sources */ = {isa = PBXBuildFile; fileRef = 71E89275732D46FBD7443BF9 /* NativeLoads.swift */; };
		74C10BDBDC6591E13BA3168C /* NativeProfile.swift in Sources */ = {isa = PBXBuildFile; fileRef = 06DFFFBD29348E9C5EC0D251 /* NativeProfile.swift */; };
		60516990701FBD17659EC968 /* NativeSignInView.swift in Sources */ = {isa = PBXBuildFile; fileRef = E97CE18A5549C249A8732777 /* NativeSignInView.swift */; };
		40FB82AF41D6A75789E4C384 /* WelcomeView.swift in Sources */ = {isa = PBXBuildFile; fileRef = A5C1C0884DF7ED13D9039835 /* WelcomeView.swift */; };
		206351353A5593FD37787D6B /* DailyCardView.swift in Sources */ = {isa = PBXBuildFile; fileRef = D91CD9C20065423ECED8B37B /* DailyCardView.swift */; };
		69D1E7E53D97BDDB68A9D2C2 /* CalendarView.swift in Sources */ = {isa = PBXBuildFile; fileRef = BF6795E0D655582089CAEE95 /* CalendarView.swift */; };
		C31C8D37DC69557CF399AB46 /* NativeAppView.swift in Sources */ = {isa = PBXBuildFile; fileRef = FD80D35B8080F7ADFD3179F0 /* NativeAppView.swift */; };
		A363D63028FA38AF3FCC4348 /* WeightEditView.swift in Sources */ = {isa = PBXBuildFile; fileRef = EE17BCB5744BA24227CA2B62 /* WeightEditView.swift */; };
		675F957E1CF9CCAAC300BF42 /* PlanSheetView.swift in Sources */ = {isa = PBXBuildFile; fileRef = 51653B7E90110D0A36F6CD4E /* PlanSheetView.swift */; };
		FF6FBE1B4EF6EBFCB8C86BDE /* RestTimerController.swift in Sources */ = {isa = PBXBuildFile; fileRef = 848EFDD47D06730C4D6C96FF /* RestTimerController.swift */; };
		2FE034EFC23E27BFAB18BA68 /* RestTimerOverlay.swift in Sources */ = {isa = PBXBuildFile; fileRef = F5A540FD4C82A803A692F59D /* RestTimerOverlay.swift */; };
		7AA9902FFAD92DA7F0B9BA02 /* IntervalTimerController.swift in Sources */ = {isa = PBXBuildFile; fileRef = F6C3F6CAFEFBCE196267ACA4 /* IntervalTimerController.swift */; };
		1BE5F0074A4FE84A870BDD6E /* IntervalTonePlayer.swift in Sources */ = {isa = PBXBuildFile; fileRef = 1D4A93D2E799953023A0D44C /* IntervalTonePlayer.swift */; };
		2390FE79D020BF8F17F5D6E1 /* IntervalTimerView.swift in Sources */ = {isa = PBXBuildFile; fileRef = 509C122BF2A9E23301D7B91B /* IntervalTimerView.swift */; };
		7E9A3714C664D67E5ACF716B /* WeekStripView.swift in Sources */ = {isa = PBXBuildFile; fileRef = 3FA7FBBB61EF7F7994B9DD88 /* WeekStripView.swift */; };
		8C0B674AE8A50E1239A80551 /* SettingsView.swift in Sources */ = {isa = PBXBuildFile; fileRef = 0BA3FE9AE62B1A19DA320A0C /* SettingsView.swift */; };
		8B21FFA3B96DD24C6A257ADE /* RehabCardView.swift in Sources */ = {isa = PBXBuildFile; fileRef = B4C3F81D4AC186F28ACBD4D6 /* RehabCardView.swift */; };
		A1252AAA8F1FB2FD1928A92D /* RehabTutorialView.swift in Sources */ = {isa = PBXBuildFile; fileRef = 539790866F9BC3CA6B9624EB /* RehabTutorialView.swift */; };
		68F0DD229B3A77E00398E76D /* MaxProgramPreviewView.swift in Sources */ = {isa = PBXBuildFile; fileRef = BC77A45B8E8A6D2EB3424987 /* MaxProgramPreviewView.swift */; };
		DD0A88CD778120CEE40F6DD3 /* CelebrationOverlay.swift in Sources */ = {isa = PBXBuildFile; fileRef = CBACE466B35EED32AC6748EA /* CelebrationOverlay.swift */; };
		E23831851C2A4FB380A76BAF /* template-resolver.js in Resources */ = {isa = PBXBuildFile; fileRef = 2FB27976E4B168AB5F33C9E0 /* template-resolver.js */; };
		B50A1C9DA6456982DA7AA621 /* templates.js in Resources */ = {isa = PBXBuildFile; fileRef = 291F4FCB9C2BCB962D9EC6B5 /* templates.js */; };
		A316701849A346FEE64601EE /* rehab-templates.js in Resources */ = {isa = PBXBuildFile; fileRef = 06027A225116E6B9299E94C6 /* rehab-templates.js */; };
		C23971E5A29672D26F9BE74F /* rehab-resolver.js in Resources */ = {isa = PBXBuildFile; fileRef = 157DD4F6431FC0C6173A2C91 /* rehab-resolver.js */; };
		7EF21A703112264528DEE86A /* RehabBridge.swift in Sources */ = {isa = PBXBuildFile; fileRef = E579DE6C496A400643546EA9 /* RehabBridge.swift */; };
		73878B52967705265938F2E2 /* QuizModel.swift in Sources */ = {isa = PBXBuildFile; fileRef = 229FADB782DFBB299AFA98B6 /* QuizModel.swift */; };
		CA3ABE16007645A96952C94A /* IntakeQuizView.swift in Sources */ = {isa = PBXBuildFile; fileRef = 0CF66749302703C2BB7FC64B /* IntakeQuizView.swift */; };
		0AC7F68470E11799F2F5B6A5 /* QuizDemoView.swift in Sources */ = {isa = PBXBuildFile; fileRef = FDDFF6E9403E8939FEE4971B /* QuizDemoView.swift */; };
		3E3757A941FD7AD78CAC1D4A /* TutorialSpotlight.swift in Sources */ = {isa = PBXBuildFile; fileRef = 94A998181B4BF1CCF68FDED9 /* TutorialSpotlight.swift */; };
		57606722A858C4BC715ED2DE /* TutorialDemoCardView.swift in Sources */ = {isa = PBXBuildFile; fileRef = C06D252FF6119CF766FDEF28 /* TutorialDemoCardView.swift */; };
		9114471F6CC9B7B8C7CC73E7 /* SubscriptionManager.swift in Sources */ = {isa = PBXBuildFile; fileRef = 7B049305DF0E1F1019FA504D /* SubscriptionManager.swift */; };
		88FC735FC1529F75241FC8FC /* PaywallView.swift in Sources */ = {isa = PBXBuildFile; fileRef = 6BAF3BF5EDE2F9F914B17F74 /* PaywallView.swift */; };
		35775A981D10FC0E1F96C594 /* EngineBridgeTests.swift in Sources */ = {isa = PBXBuildFile; fileRef = 197A4F82238FA8B7F69C0F03 /* EngineBridgeTests.swift */; };
		E529139A20434E010F980387 /* RehabBridgeTests.swift in Sources */ = {isa = PBXBuildFile; fileRef = 026181C803B127F8A279C6C4 /* RehabBridgeTests.swift */; };
		CFFF774C76DC4B7F69690814 /* AppFontsTests.swift in Sources */ = {isa = PBXBuildFile; fileRef = 489BD36286931FA66C1887D1 /* AppFontsTests.swift */; };
		05600B6CF922DD06F3F41C91 /* AppFonts.swift in Sources */ = {isa = PBXBuildFile; fileRef = BB3FCA4CF861990D4A4B8EB8 /* AppFonts.swift */; };
		4E768D93DE152883AAA409DA /* ArchivoBlack-Regular.ttf in Resources */ = {isa = PBXBuildFile; fileRef = AEBF87987DA4E8C7B28BA652 /* ArchivoBlack-Regular.ttf */; };
		E5C815493158B4F02E2E3A52 /* RobotoMono-Bold.ttf in Resources */ = {isa = PBXBuildFile; fileRef = 79BF5ED08962C31BD8C9EA21 /* RobotoMono-Bold.ttf */; };
		868F5E8DEBB1A14CEA6864FB /* RobotoMono-Medium.ttf in Resources */ = {isa = PBXBuildFile; fileRef = C4FF926E9403088949956AF4 /* RobotoMono-Medium.ttf */; };
		10AD4C74FCFA584F7AC80F64 /* SpaceMono-Bold.ttf in Resources */ = {isa = PBXBuildFile; fileRef = 35EB64115792A9F62026E0BB /* SpaceMono-Bold.ttf */; };
/* End PBXBuildFile section */

/* Begin PBXContainerItemProxy section */
		996C44C1E081EBEAF9B0054E /* PBXContainerItemProxy */ = {
			isa = PBXContainerItemProxy;
			containerPortal = 0BE12DF9407D2C38A0E912F5 /* Project object */;
			proxyType = 1;
			remoteGlobalIDString = D01DF4CA95263393F405FD3E;
			remoteInfo = CrimpBlockWidgetExtension;
		};
		B9A04909425876CF9F3D47AA /* PBXContainerItemProxy */ = {
			isa = PBXContainerItemProxy;
			containerPortal = 0BE12DF9407D2C38A0E912F5 /* Project object */;
			proxyType = 1;
			remoteGlobalIDString = A1813AA567F9F54F5131E3D3;
			remoteInfo = CrimpBlock;
		};
/* End PBXContainerItemProxy section */

/* Begin PBXCopyFilesBuildPhase section */
		8C33915E187576F37B66F539 /* Embed Foundation Extensions */ = {
			isa = PBXCopyFilesBuildPhase;
			buildActionMask = 2147483647;
			dstPath = "";
			dstSubfolderSpec = 13;
			files = (
				128EBBE24588227ABA28C1CD /* CrimpBlockWidgetExtension.appex in Embed Foundation Extensions */,
			);
			name = "Embed Foundation Extensions";
			runOnlyForDeploymentPostprocessing = 0;
		};
/* End PBXCopyFilesBuildPhase section */

/* Begin PBXFileReference section */
		E543EA876DDB2AC85E5B67C1 /* CrimpBlock.app */ = {isa = PBXFileReference; explicitFileType = wrapper.application; includeInIndex = 0; path = CrimpBlock.app; sourceTree = BUILT_PRODUCTS_DIR; };
		A5221723F055193DCAAC847A /* CrimpBlockWidgetExtension.appex */ = {isa = PBXFileReference; explicitFileType = "wrapper.app-extension"; includeInIndex = 0; path = CrimpBlockWidgetExtension.appex; sourceTree = BUILT_PRODUCTS_DIR; };
		3D6C85DA89BAAA37248F4D4C /* CrimpBlockApp.swift */ = {isa = PBXFileReference; lastKnownFileType = sourcecode.swift; path = CrimpBlockApp.swift; sourceTree = "<group>"; };
		A71E1C741FAD504C1462171B /* ContentView.swift */ = {isa = PBXFileReference; lastKnownFileType = sourcecode.swift; path = ContentView.swift; sourceTree = "<group>"; };
		199D95D3AB13E7DF7CB52182 /* Assets.xcassets */ = {isa = PBXFileReference; lastKnownFileType = folder.assetcatalog; path = Assets.xcassets; sourceTree = "<group>"; };
		CF2F221A9F4201ED25C77F10 /* Info.plist */ = {isa = PBXFileReference; lastKnownFileType = text.plist.xml; path = Info.plist; sourceTree = "<group>"; };
		C9376940D0FBDDF94F567CD0 /* CrimpBlock.entitlements */ = {isa = PBXFileReference; lastKnownFileType = text.plist.entitlements; path = CrimpBlock.entitlements; sourceTree = "<group>"; };
		6F5EA7A8AFC0BF42C7FC0B3A /* CrimpBlockWidget.swift */ = {isa = PBXFileReference; lastKnownFileType = sourcecode.swift; path = CrimpBlockWidget.swift; sourceTree = "<group>"; };
		4467F1D93EB356D299EBDDCD /* Info.plist */ = {isa = PBXFileReference; lastKnownFileType = text.plist.xml; path = Info.plist; sourceTree = "<group>"; };
		8F785CD80E8569F223B49427 /* CrimpBlockWidget.entitlements */ = {isa = PBXFileReference; lastKnownFileType = text.plist.entitlements; path = CrimpBlockWidget.entitlements; sourceTree = "<group>"; };
		C43BD3E3C9BDFB29CC44AD87 /* Forecast.swift */ = {isa = PBXFileReference; lastKnownFileType = sourcecode.swift; path = Forecast.swift; sourceTree = "<group>"; };
		93BCB9F1D7CF4014B151F718 /* TimerActivity.swift */ = {isa = PBXFileReference; lastKnownFileType = sourcecode.swift; path = TimerActivity.swift; sourceTree = "<group>"; };
		0B8D0DA2E6DD472694D85D8B /* RestTimerLiveActivity.swift */ = {isa = PBXFileReference; lastKnownFileType = sourcecode.swift; path = RestTimerLiveActivity.swift; sourceTree = "<group>"; };
		A5595828F60D61130A784138 /* EngineBridge.swift */ = {isa = PBXFileReference; lastKnownFileType = sourcecode.swift; path = EngineBridge.swift; sourceTree = "<group>"; };
		FA14AB8F8FFE96BF688A5924 /* SessionColours.swift */ = {isa = PBXFileReference; lastKnownFileType = sourcecode.swift; path = SessionColours.swift; sourceTree = "<group>"; };
		149901662BBF4963045E6918 /* NativeEngineDemoView.swift */ = {isa = PBXFileReference; lastKnownFileType = sourcecode.swift; path = NativeEngineDemoView.swift; sourceTree = "<group>"; };
		BB9B02DBDC4FFE41757FF766 /* engine-core.js */ = {isa = PBXFileReference; lastKnownFileType = sourcecode.javascript; name = "engine-core.js"; path = "../engine-core.js"; sourceTree = SOURCE_ROOT; };
		C2057310DAED31D00943FA48 /* programs.js */ = {isa = PBXFileReference; lastKnownFileType = sourcecode.javascript; name = "programs.js"; path = "../programs.js"; sourceTree = SOURCE_ROOT; };
		873E19C52DC25530CF500AD9 /* Keychain.swift */ = {isa = PBXFileReference; lastKnownFileType = sourcecode.swift; path = Keychain.swift; sourceTree = "<group>"; };
		A9C890FA1E5A9CD2C0A9F87F /* SupabaseClient.swift */ = {isa = PBXFileReference; lastKnownFileType = sourcecode.swift; path = SupabaseClient.swift; sourceTree = "<group>"; };
		4A1E3A5314507CA61BAB7667 /* NativeStore.swift */ = {isa = PBXFileReference; lastKnownFileType = sourcecode.swift; path = NativeStore.swift; sourceTree = "<group>"; };
		71E89275732D46FBD7443BF9 /* NativeLoads.swift */ = {isa = PBXFileReference; lastKnownFileType = sourcecode.swift; path = NativeLoads.swift; sourceTree = "<group>"; };
		06DFFFBD29348E9C5EC0D251 /* NativeProfile.swift */ = {isa = PBXFileReference; lastKnownFileType = sourcecode.swift; path = NativeProfile.swift; sourceTree = "<group>"; };
		E97CE18A5549C249A8732777 /* NativeSignInView.swift */ = {isa = PBXFileReference; lastKnownFileType = sourcecode.swift; path = NativeSignInView.swift; sourceTree = "<group>"; };
		A5C1C0884DF7ED13D9039835 /* WelcomeView.swift */ = {isa = PBXFileReference; lastKnownFileType = sourcecode.swift; path = WelcomeView.swift; sourceTree = "<group>"; };
		D91CD9C20065423ECED8B37B /* DailyCardView.swift */ = {isa = PBXFileReference; lastKnownFileType = sourcecode.swift; path = DailyCardView.swift; sourceTree = "<group>"; };
		BF6795E0D655582089CAEE95 /* CalendarView.swift */ = {isa = PBXFileReference; lastKnownFileType = sourcecode.swift; path = CalendarView.swift; sourceTree = "<group>"; };
		FD80D35B8080F7ADFD3179F0 /* NativeAppView.swift */ = {isa = PBXFileReference; lastKnownFileType = sourcecode.swift; path = NativeAppView.swift; sourceTree = "<group>"; };
		EE17BCB5744BA24227CA2B62 /* WeightEditView.swift */ = {isa = PBXFileReference; lastKnownFileType = sourcecode.swift; path = WeightEditView.swift; sourceTree = "<group>"; };
		51653B7E90110D0A36F6CD4E /* PlanSheetView.swift */ = {isa = PBXFileReference; lastKnownFileType = sourcecode.swift; path = PlanSheetView.swift; sourceTree = "<group>"; };
		848EFDD47D06730C4D6C96FF /* RestTimerController.swift */ = {isa = PBXFileReference; lastKnownFileType = sourcecode.swift; path = RestTimerController.swift; sourceTree = "<group>"; };
		F5A540FD4C82A803A692F59D /* RestTimerOverlay.swift */ = {isa = PBXFileReference; lastKnownFileType = sourcecode.swift; path = RestTimerOverlay.swift; sourceTree = "<group>"; };
		F6C3F6CAFEFBCE196267ACA4 /* IntervalTimerController.swift */ = {isa = PBXFileReference; lastKnownFileType = sourcecode.swift; path = IntervalTimerController.swift; sourceTree = "<group>"; };
		1D4A93D2E799953023A0D44C /* IntervalTonePlayer.swift */ = {isa = PBXFileReference; lastKnownFileType = sourcecode.swift; path = IntervalTonePlayer.swift; sourceTree = "<group>"; };
		509C122BF2A9E23301D7B91B /* IntervalTimerView.swift */ = {isa = PBXFileReference; lastKnownFileType = sourcecode.swift; path = IntervalTimerView.swift; sourceTree = "<group>"; };
		3FA7FBBB61EF7F7994B9DD88 /* WeekStripView.swift */ = {isa = PBXFileReference; lastKnownFileType = sourcecode.swift; path = WeekStripView.swift; sourceTree = "<group>"; };
		0BA3FE9AE62B1A19DA320A0C /* SettingsView.swift */ = {isa = PBXFileReference; lastKnownFileType = sourcecode.swift; path = SettingsView.swift; sourceTree = "<group>"; };
		B4C3F81D4AC186F28ACBD4D6 /* RehabCardView.swift */ = {isa = PBXFileReference; lastKnownFileType = sourcecode.swift; path = RehabCardView.swift; sourceTree = "<group>"; };
		539790866F9BC3CA6B9624EB /* RehabTutorialView.swift */ = {isa = PBXFileReference; lastKnownFileType = sourcecode.swift; path = RehabTutorialView.swift; sourceTree = "<group>"; };
		BC77A45B8E8A6D2EB3424987 /* MaxProgramPreviewView.swift */ = {isa = PBXFileReference; lastKnownFileType = sourcecode.swift; path = MaxProgramPreviewView.swift; sourceTree = "<group>"; };
		CBACE466B35EED32AC6748EA /* CelebrationOverlay.swift */ = {isa = PBXFileReference; lastKnownFileType = sourcecode.swift; path = CelebrationOverlay.swift; sourceTree = "<group>"; };
		2FB27976E4B168AB5F33C9E0 /* template-resolver.js */ = {isa = PBXFileReference; lastKnownFileType = sourcecode.javascript; name = "template-resolver.js"; path = "../template-resolver.js"; sourceTree = SOURCE_ROOT; };
		291F4FCB9C2BCB962D9EC6B5 /* templates.js */ = {isa = PBXFileReference; lastKnownFileType = sourcecode.javascript; name = "templates.js"; path = "../templates.js"; sourceTree = SOURCE_ROOT; };
		06027A225116E6B9299E94C6 /* rehab-templates.js */ = {isa = PBXFileReference; lastKnownFileType = sourcecode.javascript; name = "rehab-templates.js"; path = "../rehab-templates.js"; sourceTree = SOURCE_ROOT; };
		157DD4F6431FC0C6173A2C91 /* rehab-resolver.js */ = {isa = PBXFileReference; lastKnownFileType = sourcecode.javascript; name = "rehab-resolver.js"; path = "../rehab-resolver.js"; sourceTree = SOURCE_ROOT; };
		E579DE6C496A400643546EA9 /* RehabBridge.swift */ = {isa = PBXFileReference; lastKnownFileType = sourcecode.swift; path = RehabBridge.swift; sourceTree = "<group>"; };
		229FADB782DFBB299AFA98B6 /* QuizModel.swift */ = {isa = PBXFileReference; lastKnownFileType = sourcecode.swift; path = QuizModel.swift; sourceTree = "<group>"; };
		0CF66749302703C2BB7FC64B /* IntakeQuizView.swift */ = {isa = PBXFileReference; lastKnownFileType = sourcecode.swift; path = IntakeQuizView.swift; sourceTree = "<group>"; };
		FDDFF6E9403E8939FEE4971B /* QuizDemoView.swift */ = {isa = PBXFileReference; lastKnownFileType = sourcecode.swift; path = QuizDemoView.swift; sourceTree = "<group>"; };
		94A998181B4BF1CCF68FDED9 /* TutorialSpotlight.swift */ = {isa = PBXFileReference; lastKnownFileType = sourcecode.swift; path = TutorialSpotlight.swift; sourceTree = "<group>"; };
		7B049305DF0E1F1019FA504D /* SubscriptionManager.swift */ = {isa = PBXFileReference; lastKnownFileType = sourcecode.swift; path = SubscriptionManager.swift; sourceTree = "<group>"; };
		6BAF3BF5EDE2F9F914B17F74 /* PaywallView.swift */ = {isa = PBXFileReference; lastKnownFileType = sourcecode.swift; path = PaywallView.swift; sourceTree = "<group>"; };
		7FD6ED3669946CDCDC757C90 /* Configuration.storekit */ = {isa = PBXFileReference; lastKnownFileType = text.json; path = Configuration.storekit; sourceTree = "<group>"; };
		C06D252FF6119CF766FDEF28 /* TutorialDemoCardView.swift */ = {isa = PBXFileReference; lastKnownFileType = sourcecode.swift; path = TutorialDemoCardView.swift; sourceTree = "<group>"; };
		7A54C7DB75AADA0959652ECE /* CrimpBlockTests.xctest */ = {isa = PBXFileReference; explicitFileType = wrapper.cfbundle; includeInIndex = 0; path = CrimpBlockTests.xctest; sourceTree = BUILT_PRODUCTS_DIR; };
		197A4F82238FA8B7F69C0F03 /* EngineBridgeTests.swift */ = {isa = PBXFileReference; lastKnownFileType = sourcecode.swift; path = EngineBridgeTests.swift; sourceTree = "<group>"; };
		026181C803B127F8A279C6C4 /* RehabBridgeTests.swift */ = {isa = PBXFileReference; lastKnownFileType = sourcecode.swift; path = RehabBridgeTests.swift; sourceTree = "<group>"; };
		489BD36286931FA66C1887D1 /* AppFontsTests.swift */ = {isa = PBXFileReference; lastKnownFileType = sourcecode.swift; path = AppFontsTests.swift; sourceTree = "<group>"; };
		BB3FCA4CF861990D4A4B8EB8 /* AppFonts.swift */ = {isa = PBXFileReference; lastKnownFileType = sourcecode.swift; path = AppFonts.swift; sourceTree = "<group>"; };
		AEBF87987DA4E8C7B28BA652 /* ArchivoBlack-Regular.ttf */ = {isa = PBXFileReference; lastKnownFileType = file; path = "ArchivoBlack-Regular.ttf"; sourceTree = "<group>"; };
		79BF5ED08962C31BD8C9EA21 /* RobotoMono-Bold.ttf */ = {isa = PBXFileReference; lastKnownFileType = file; path = "RobotoMono-Bold.ttf"; sourceTree = "<group>"; };
		C4FF926E9403088949956AF4 /* RobotoMono-Medium.ttf */ = {isa = PBXFileReference; lastKnownFileType = file; path = "RobotoMono-Medium.ttf"; sourceTree = "<group>"; };
		35EB64115792A9F62026E0BB /* SpaceMono-Bold.ttf */ = {isa = PBXFileReference; lastKnownFileType = file; path = "SpaceMono-Bold.ttf"; sourceTree = "<group>"; };
/* End PBXFileReference section */

/* Begin PBXFrameworksBuildPhase section */
		87425B26BAA1F0928F6ECB3E /* Frameworks */ = {
			isa = PBXFrameworksBuildPhase;
			buildActionMask = 2147483647;
			files = ();
			runOnlyForDeploymentPostprocessing = 0;
		};
		548113D13845A9B538A29327 /* Frameworks */ = {
			isa = PBXFrameworksBuildPhase;
			buildActionMask = 2147483647;
			files = ();
			runOnlyForDeploymentPostprocessing = 0;
		};
		ACC78625B828C3F4C580FE7A /* Frameworks */ = {
			isa = PBXFrameworksBuildPhase;
			buildActionMask = 2147483647;
			files = ();
			runOnlyForDeploymentPostprocessing = 0;
		};
/* End PBXFrameworksBuildPhase section */

/* Begin PBXGroup section */
		A11949F6B9BFE9EC92C4392A = {
			isa = PBXGroup;
			children = (
				B059E2B5F5EDE8F44DF5AE82 /* CrimpBlock */,
				5296CA2E8A3BB2E37124A76C /* CrimpBlockWidget */,
				A653ED356B058A8D1CD6CE8B /* Shared */,
				A9C826B2BD133AE1A36C29F5 /* CrimpBlockTests */,
				07FBF00CAEC90E427FE7B262 /* Products */,
			);
			sourceTree = "<group>";
		};
		07FBF00CAEC90E427FE7B262 /* Products */ = {
			isa = PBXGroup;
			children = (
				E543EA876DDB2AC85E5B67C1 /* CrimpBlock.app */,
				A5221723F055193DCAAC847A /* CrimpBlockWidgetExtension.appex */,
				7A54C7DB75AADA0959652ECE /* CrimpBlockTests.xctest */,
			);
			name = Products;
			sourceTree = "<group>";
		};
		B059E2B5F5EDE8F44DF5AE82 /* CrimpBlock */ = {
			isa = PBXGroup;
			children = (
				3D6C85DA89BAAA37248F4D4C /* CrimpBlockApp.swift */,
				A71E1C741FAD504C1462171B /* ContentView.swift */,
				149901662BBF4963045E6918 /* NativeEngineDemoView.swift */,
				E97CE18A5549C249A8732777 /* NativeSignInView.swift */,
				A5C1C0884DF7ED13D9039835 /* WelcomeView.swift */,
				D91CD9C20065423ECED8B37B /* DailyCardView.swift */,
				BF6795E0D655582089CAEE95 /* CalendarView.swift */,
				FD80D35B8080F7ADFD3179F0 /* NativeAppView.swift */,
				EE17BCB5744BA24227CA2B62 /* WeightEditView.swift */,
				51653B7E90110D0A36F6CD4E /* PlanSheetView.swift */,
				F5A540FD4C82A803A692F59D /* RestTimerOverlay.swift */,
				509C122BF2A9E23301D7B91B /* IntervalTimerView.swift */,
				3FA7FBBB61EF7F7994B9DD88 /* WeekStripView.swift */,
				0BA3FE9AE62B1A19DA320A0C /* SettingsView.swift */,
				B4C3F81D4AC186F28ACBD4D6 /* RehabCardView.swift */,
				539790866F9BC3CA6B9624EB /* RehabTutorialView.swift */,
				BC77A45B8E8A6D2EB3424987 /* MaxProgramPreviewView.swift */,
				CBACE466B35EED32AC6748EA /* CelebrationOverlay.swift */,
				0CF66749302703C2BB7FC64B /* IntakeQuizView.swift */,
				FDDFF6E9403E8939FEE4971B /* QuizDemoView.swift */,
				C06D252FF6119CF766FDEF28 /* TutorialDemoCardView.swift */,
				6BAF3BF5EDE2F9F914B17F74 /* PaywallView.swift */,
				7FD6ED3669946CDCDC757C90 /* Configuration.storekit */,
				D709A8D65E217A9DE152951C /* Fonts */,
				199D95D3AB13E7DF7CB52182 /* Assets.xcassets */,
				CF2F221A9F4201ED25C77F10 /* Info.plist */,
				C9376940D0FBDDF94F567CD0 /* CrimpBlock.entitlements */,
			);
			path = CrimpBlock;
			sourceTree = "<group>";
		};
		D709A8D65E217A9DE152951C /* Fonts */ = {
			isa = PBXGroup;
			children = (
				AEBF87987DA4E8C7B28BA652 /* ArchivoBlack-Regular.ttf */,
				79BF5ED08962C31BD8C9EA21 /* RobotoMono-Bold.ttf */,
				C4FF926E9403088949956AF4 /* RobotoMono-Medium.ttf */,
				35EB64115792A9F62026E0BB /* SpaceMono-Bold.ttf */,
			);
			path = Fonts;
			sourceTree = "<group>";
		};
		5296CA2E8A3BB2E37124A76C /* CrimpBlockWidget */ = {
			isa = PBXGroup;
			children = (
				6F5EA7A8AFC0BF42C7FC0B3A /* CrimpBlockWidget.swift */,
				0B8D0DA2E6DD472694D85D8B /* RestTimerLiveActivity.swift */,
				4467F1D93EB356D299EBDDCD /* Info.plist */,
				8F785CD80E8569F223B49427 /* CrimpBlockWidget.entitlements */,
			);
			path = CrimpBlockWidget;
			sourceTree = "<group>";
		};
		A653ED356B058A8D1CD6CE8B /* Shared */ = {
			isa = PBXGroup;
			children = (
				C43BD3E3C9BDFB29CC44AD87 /* Forecast.swift */,
				93BCB9F1D7CF4014B151F718 /* TimerActivity.swift */,
				A5595828F60D61130A784138 /* EngineBridge.swift */,
				FA14AB8F8FFE96BF688A5924 /* SessionColours.swift */,
				BB3FCA4CF861990D4A4B8EB8 /* AppFonts.swift */,
				873E19C52DC25530CF500AD9 /* Keychain.swift */,
				A9C890FA1E5A9CD2C0A9F87F /* SupabaseClient.swift */,
				4A1E3A5314507CA61BAB7667 /* NativeStore.swift */,
				71E89275732D46FBD7443BF9 /* NativeLoads.swift */,
				06DFFFBD29348E9C5EC0D251 /* NativeProfile.swift */,
				848EFDD47D06730C4D6C96FF /* RestTimerController.swift */,
				F6C3F6CAFEFBCE196267ACA4 /* IntervalTimerController.swift */,
				1D4A93D2E799953023A0D44C /* IntervalTonePlayer.swift */,
				BB9B02DBDC4FFE41757FF766 /* engine-core.js */,
				C2057310DAED31D00943FA48 /* programs.js */,
				2FB27976E4B168AB5F33C9E0 /* template-resolver.js */,
				291F4FCB9C2BCB962D9EC6B5 /* templates.js */,
				229FADB782DFBB299AFA98B6 /* QuizModel.swift */,
				94A998181B4BF1CCF68FDED9 /* TutorialSpotlight.swift */,
				7B049305DF0E1F1019FA504D /* SubscriptionManager.swift */,
				06027A225116E6B9299E94C6 /* rehab-templates.js */,
				157DD4F6431FC0C6173A2C91 /* rehab-resolver.js */,
				E579DE6C496A400643546EA9 /* RehabBridge.swift */,
			);
			path = Shared;
			sourceTree = "<group>";
		};
		A9C826B2BD133AE1A36C29F5 /* CrimpBlockTests */ = {
			isa = PBXGroup;
			children = (
				197A4F82238FA8B7F69C0F03 /* EngineBridgeTests.swift */,
				026181C803B127F8A279C6C4 /* RehabBridgeTests.swift */,
				489BD36286931FA66C1887D1 /* AppFontsTests.swift */,
			);
			path = CrimpBlockTests;
			sourceTree = "<group>";
		};
/* End PBXGroup section */

/* Begin PBXNativeTarget section */
		A1813AA567F9F54F5131E3D3 /* CrimpBlock */ = {
			isa = PBXNativeTarget;
			buildConfigurationList = B87F553A23E9F13665B4BF78 /* Build configuration list for PBXNativeTarget "CrimpBlock" */;
			buildPhases = (
				33F3A69A4D49768FD0A0014C /* Sources */,
				87425B26BAA1F0928F6ECB3E /* Frameworks */,
				6C60CB9B290726E2FDB33449 /* Resources */,
				8C33915E187576F37B66F539 /* Embed Foundation Extensions */,
			);
			buildRules = ();
			dependencies = (
				DE845A94F80ABDA7663B3536 /* PBXTargetDependency */,
			);
			name = CrimpBlock;
			productName = CrimpBlock;
			productReference = E543EA876DDB2AC85E5B67C1 /* CrimpBlock.app */;
			productType = "com.apple.product-type.application";
		};
		D01DF4CA95263393F405FD3E /* CrimpBlockWidgetExtension */ = {
			isa = PBXNativeTarget;
			buildConfigurationList = 11912D043489B3B8DB3E5895 /* Build configuration list for PBXNativeTarget "CrimpBlockWidgetExtension" */;
			buildPhases = (
				5C6CCCA0AE2F9B335E7EFF51 /* Sources */,
				548113D13845A9B538A29327 /* Frameworks */,
				C4CD9E38C444F28A4BA04C0F /* Resources */,
			);
			buildRules = ();
			dependencies = ();
			name = CrimpBlockWidgetExtension;
			productName = CrimpBlockWidgetExtension;
			productReference = A5221723F055193DCAAC847A /* CrimpBlockWidgetExtension.appex */;
			productType = "com.apple.product-type.app-extension";
		};
		7C945FCEEBFA3A3AAF8FB4FA /* CrimpBlockTests */ = {
			isa = PBXNativeTarget;
			buildConfigurationList = C6EAEB4B2A293C7A860CF7F7 /* Build configuration list for PBXNativeTarget "CrimpBlockTests" */;
			buildPhases = (
				2F6D4DD1931844D7335AA2D2 /* Sources */,
				ACC78625B828C3F4C580FE7A /* Frameworks */,
				542CDBFDE65D78B6C9201BAC /* Resources */,
			);
			buildRules = ();
			dependencies = (
				FFD96EA4178D6C49EB639A34 /* PBXTargetDependency */,
			);
			name = CrimpBlockTests;
			productName = CrimpBlockTests;
			productReference = 7A54C7DB75AADA0959652ECE /* CrimpBlockTests.xctest */;
			productType = "com.apple.product-type.bundle.unit-test";
		};
/* End PBXNativeTarget section */

/* Begin PBXProject section */
		0BE12DF9407D2C38A0E912F5 /* Project object */ = {
			isa = PBXProject;
			attributes = {
				BuildIndependentTargetsInParallel = 1;
				LastSwiftUpdateCheck = 1600;
				LastUpgradeCheck = 1600;
				TargetAttributes = {
					A1813AA567F9F54F5131E3D3 = { CreatedOnToolsVersion = 16.0; };
					D01DF4CA95263393F405FD3E = { CreatedOnToolsVersion = 16.0; };
					7C945FCEEBFA3A3AAF8FB4FA = { CreatedOnToolsVersion = 16.0; TestTargetID = A1813AA567F9F54F5131E3D3; };
				};
			};
			buildConfigurationList = 92BED72DA5E11B035406C3B0 /* Build configuration list for PBXProject "CrimpBlock" */;
			compatibilityVersion = "Xcode 14.0";
			developmentRegion = en;
			hasScannedForEncodings = 0;
			knownRegions = ( en, Base, );
			mainGroup = A11949F6B9BFE9EC92C4392A;
			productRefGroup = 07FBF00CAEC90E427FE7B262 /* Products */;
			projectDirPath = "";
			projectRoot = "";
			targets = (
				A1813AA567F9F54F5131E3D3 /* CrimpBlock */,
				D01DF4CA95263393F405FD3E /* CrimpBlockWidgetExtension */,
				7C945FCEEBFA3A3AAF8FB4FA /* CrimpBlockTests */,
			);
		};
/* End PBXProject section */

/* Begin PBXResourcesBuildPhase section */
		6C60CB9B290726E2FDB33449 /* Resources */ = {
			isa = PBXResourcesBuildPhase;
			buildActionMask = 2147483647;
			files = (
				2D0DBF68350AF3995662E19C /* Assets.xcassets in Resources */,
				A373515748483D2A13434CDA /* engine-core.js in Resources */,
				FCF14DD78AD6CB70AFB76DA9 /* programs.js in Resources */,
				E23831851C2A4FB380A76BAF /* template-resolver.js in Resources */,
				B50A1C9DA6456982DA7AA621 /* templates.js in Resources */,
				A316701849A346FEE64601EE /* rehab-templates.js in Resources */,
				C23971E5A29672D26F9BE74F /* rehab-resolver.js in Resources */,
				4E768D93DE152883AAA409DA /* ArchivoBlack-Regular.ttf in Resources */,
				E5C815493158B4F02E2E3A52 /* RobotoMono-Bold.ttf in Resources */,
				868F5E8DEBB1A14CEA6864FB /* RobotoMono-Medium.ttf in Resources */,
				10AD4C74FCFA584F7AC80F64 /* SpaceMono-Bold.ttf in Resources */,
			);
			runOnlyForDeploymentPostprocessing = 0;
		};
		C4CD9E38C444F28A4BA04C0F /* Resources */ = {
			isa = PBXResourcesBuildPhase;
			buildActionMask = 2147483647;
			files = ();
			runOnlyForDeploymentPostprocessing = 0;
		};
		542CDBFDE65D78B6C9201BAC /* Resources */ = {
			isa = PBXResourcesBuildPhase;
			buildActionMask = 2147483647;
			files = ();
			runOnlyForDeploymentPostprocessing = 0;
		};
/* End PBXResourcesBuildPhase section */

/* Begin PBXSourcesBuildPhase section */
		33F3A69A4D49768FD0A0014C /* Sources */ = {
			isa = PBXSourcesBuildPhase;
			buildActionMask = 2147483647;
			files = (
				24D651BBF0F9C23021ACDF1D /* ContentView.swift in Sources */,
				A658403534DCDFAE75701C4B /* CrimpBlockApp.swift in Sources */,
				B36DCB53FC740A4DA5EB8BCE /* Forecast.swift in Sources */,
				7B005C51A8BC4875A33CDBFE /* TimerActivity.swift in Sources */,
				DAB2C34289EDD2382CACDE77 /* EngineBridge.swift in Sources */,
				05600B6CF922DD06F3F41C91 /* AppFonts.swift in Sources */,
				13D240EE4DA498EFD5E89BE8 /* SessionColours.swift in Sources */,
				645188D9954787F4D2889374 /* NativeEngineDemoView.swift in Sources */,
				07DDDF60CACE6C718CF96CFC /* Keychain.swift in Sources */,
				EF25E52A1F6BD425B6B41F95 /* SupabaseClient.swift in Sources */,
				AACFEF1380425E657C19125C /* NativeStore.swift in Sources */,
				9B803E261E3B36E9CFA1FB5C /* NativeLoads.swift in Sources */,
				74C10BDBDC6591E13BA3168C /* NativeProfile.swift in Sources */,
				60516990701FBD17659EC968 /* NativeSignInView.swift in Sources */,
				40FB82AF41D6A75789E4C384 /* WelcomeView.swift in Sources */,
				206351353A5593FD37787D6B /* DailyCardView.swift in Sources */,
				69D1E7E53D97BDDB68A9D2C2 /* CalendarView.swift in Sources */,
				C31C8D37DC69557CF399AB46 /* NativeAppView.swift in Sources */,
				A363D63028FA38AF3FCC4348 /* WeightEditView.swift in Sources */,
				675F957E1CF9CCAAC300BF42 /* PlanSheetView.swift in Sources */,
				FF6FBE1B4EF6EBFCB8C86BDE /* RestTimerController.swift in Sources */,
				2FE034EFC23E27BFAB18BA68 /* RestTimerOverlay.swift in Sources */,
				7AA9902FFAD92DA7F0B9BA02 /* IntervalTimerController.swift in Sources */,
				1BE5F0074A4FE84A870BDD6E /* IntervalTonePlayer.swift in Sources */,
				2390FE79D020BF8F17F5D6E1 /* IntervalTimerView.swift in Sources */,
				7E9A3714C664D67E5ACF716B /* WeekStripView.swift in Sources */,
				8C0B674AE8A50E1239A80551 /* SettingsView.swift in Sources */,
				7EF21A703112264528DEE86A /* RehabBridge.swift in Sources */,
				8B21FFA3B96DD24C6A257ADE /* RehabCardView.swift in Sources */,
				A1252AAA8F1FB2FD1928A92D /* RehabTutorialView.swift in Sources */,
				68F0DD229B3A77E00398E76D /* MaxProgramPreviewView.swift in Sources */,
				DD0A88CD778120CEE40F6DD3 /* CelebrationOverlay.swift in Sources */,
				73878B52967705265938F2E2 /* QuizModel.swift in Sources */,
				CA3ABE16007645A96952C94A /* IntakeQuizView.swift in Sources */,
				0AC7F68470E11799F2F5B6A5 /* QuizDemoView.swift in Sources */,
				3E3757A941FD7AD78CAC1D4A /* TutorialSpotlight.swift in Sources */,
				57606722A858C4BC715ED2DE /* TutorialDemoCardView.swift in Sources */,
				9114471F6CC9B7B8C7CC73E7 /* SubscriptionManager.swift in Sources */,
				88FC735FC1529F75241FC8FC /* PaywallView.swift in Sources */,
			);
			runOnlyForDeploymentPostprocessing = 0;
		};
		5C6CCCA0AE2F9B335E7EFF51 /* Sources */ = {
			isa = PBXSourcesBuildPhase;
			buildActionMask = 2147483647;
			files = (
				6E3BC0816F646C5C486516D7 /* CrimpBlockWidget.swift in Sources */,
				B467629214EFBEB2FB04199B /* Forecast.swift in Sources */,
				AEC822403A5642948B8D9C5F /* TimerActivity.swift in Sources */,
				61652ECF514B444A8CC3E87F /* RestTimerLiveActivity.swift in Sources */,
			);
			runOnlyForDeploymentPostprocessing = 0;
		};
		2F6D4DD1931844D7335AA2D2 /* Sources */ = {
			isa = PBXSourcesBuildPhase;
			buildActionMask = 2147483647;
			files = (
				35775A981D10FC0E1F96C594 /* EngineBridgeTests.swift in Sources */,
				E529139A20434E010F980387 /* RehabBridgeTests.swift in Sources */,
				CFFF774C76DC4B7F69690814 /* AppFontsTests.swift in Sources */,
			);
			runOnlyForDeploymentPostprocessing = 0;
		};
/* End PBXSourcesBuildPhase section */

/* Begin PBXTargetDependency section */
		DE845A94F80ABDA7663B3536 /* PBXTargetDependency */ = {
			isa = PBXTargetDependency;
			target = D01DF4CA95263393F405FD3E /* CrimpBlockWidgetExtension */;
			targetProxy = 996C44C1E081EBEAF9B0054E /* PBXContainerItemProxy */;
		};
		FFD96EA4178D6C49EB639A34 /* PBXTargetDependency */ = {
			isa = PBXTargetDependency;
			target = A1813AA567F9F54F5131E3D3 /* CrimpBlock */;
			targetProxy = B9A04909425876CF9F3D47AA /* PBXContainerItemProxy */;
		};
/* End PBXTargetDependency section */

/* Begin XCBuildConfiguration section */
		3CE20634B666D1A470D7897F /* Debug */ = {
			isa = XCBuildConfiguration;
			buildSettings = {
				ALWAYS_SEARCH_USER_PATHS = NO;
				CLANG_ENABLE_MODULES = YES;
				CLANG_ENABLE_OBJC_ARC = YES;
				ENABLE_STRICT_OBJC_MSGSEND = YES;
				GCC_C_LANGUAGE_STANDARD = gnu17;
				IPHONEOS_DEPLOYMENT_TARGET = 17.0;
				MTL_FAST_MATH = YES;
				SDKROOT = iphoneos;
				SWIFT_VERSION = 5.0;
				ONLY_ACTIVE_ARCH = YES;
				SWIFT_ACTIVE_COMPILATION_CONDITIONS = DEBUG;
				GCC_OPTIMIZATION_LEVEL = 0;
				SWIFT_OPTIMIZATION_LEVEL = "-Onone";
				ENABLE_TESTABILITY = YES;
				DEBUG_INFORMATION_FORMAT = dwarf;
			};
			name = Debug;
		};
		8AD368C71FC3B120E36F1D36 /* Release */ = {
			isa = XCBuildConfiguration;
			buildSettings = {
				ALWAYS_SEARCH_USER_PATHS = NO;
				CLANG_ENABLE_MODULES = YES;
				CLANG_ENABLE_OBJC_ARC = YES;
				ENABLE_STRICT_OBJC_MSGSEND = YES;
				GCC_C_LANGUAGE_STANDARD = gnu17;
				IPHONEOS_DEPLOYMENT_TARGET = 17.0;
				MTL_FAST_MATH = YES;
				SDKROOT = iphoneos;
				SWIFT_VERSION = 5.0;
				SWIFT_COMPILATION_MODE = wholemodule;
				DEBUG_INFORMATION_FORMAT = "dwarf-with-dsym";
				ENABLE_NS_ASSERTIONS = NO;
				VALIDATE_PRODUCT = YES;
			};
			name = Release;
		};
		03A1206B7F005E4284FA274E /* Debug */ = {
			isa = XCBuildConfiguration;
			buildSettings = {
				CODE_SIGN_STYLE = Automatic;
				CURRENT_PROJECT_VERSION = 14;
				GENERATE_INFOPLIST_FILE = YES;
				MARKETING_VERSION = 1.0;
				SWIFT_VERSION = 5.0;
				TARGETED_DEVICE_FAMILY = "1";
				IPHONEOS_DEPLOYMENT_TARGET = 17.0;
				ASSETCATALOG_COMPILER_APPICON_NAME = AppIcon;
				CODE_SIGN_ENTITLEMENTS = CrimpBlock/CrimpBlock.entitlements;
				INFOPLIST_FILE = CrimpBlock/Info.plist;
				INFOPLIST_KEY_CFBundleDisplayName = "Deadpoint";
				INFOPLIST_KEY_UIApplicationSceneManifest_Generation = YES;
				INFOPLIST_KEY_UILaunchScreen_Generation = YES;
				DEVELOPMENT_TEAM = 87F48SV42Q;
				PRODUCT_BUNDLE_IDENTIFIER = uk.co.sullivanltd.crimpblock;
				PRODUCT_NAME = "$(TARGET_NAME)";
				SWIFT_EMIT_LOC_STRINGS = YES;
			};
			name = Debug;
		};
		F76AA42E5A0AD40CC173C403 /* Release */ = {
			isa = XCBuildConfiguration;
			buildSettings = {
				CODE_SIGN_STYLE = Automatic;
				CURRENT_PROJECT_VERSION = 14;
				GENERATE_INFOPLIST_FILE = YES;
				MARKETING_VERSION = 1.0;
				SWIFT_VERSION = 5.0;
				TARGETED_DEVICE_FAMILY = "1";
				IPHONEOS_DEPLOYMENT_TARGET = 17.0;
				ASSETCATALOG_COMPILER_APPICON_NAME = AppIcon;
				CODE_SIGN_ENTITLEMENTS = CrimpBlock/CrimpBlock.entitlements;
				INFOPLIST_FILE = CrimpBlock/Info.plist;
				INFOPLIST_KEY_CFBundleDisplayName = "Deadpoint";
				INFOPLIST_KEY_UIApplicationSceneManifest_Generation = YES;
				INFOPLIST_KEY_UILaunchScreen_Generation = YES;
				DEVELOPMENT_TEAM = 87F48SV42Q;
				PRODUCT_BUNDLE_IDENTIFIER = uk.co.sullivanltd.crimpblock;
				PRODUCT_NAME = "$(TARGET_NAME)";
				SWIFT_EMIT_LOC_STRINGS = YES;
			};
			name = Release;
		};
		6AD547E4269EB2D7617915C9 /* Debug */ = {
			isa = XCBuildConfiguration;
			buildSettings = {
				CODE_SIGN_STYLE = Automatic;
				CURRENT_PROJECT_VERSION = 14;
				GENERATE_INFOPLIST_FILE = YES;
				MARKETING_VERSION = 1.0;
				SWIFT_VERSION = 5.0;
				TARGETED_DEVICE_FAMILY = "1";
				IPHONEOS_DEPLOYMENT_TARGET = 17.0;
				CODE_SIGN_ENTITLEMENTS = CrimpBlockWidget/CrimpBlockWidget.entitlements;
				INFOPLIST_FILE = CrimpBlockWidget/Info.plist;
				INFOPLIST_KEY_CFBundleDisplayName = "Deadpoint";
				DEVELOPMENT_TEAM = 87F48SV42Q;
				PRODUCT_BUNDLE_IDENTIFIER = uk.co.sullivanltd.crimpblock.widget;
				PRODUCT_NAME = "$(TARGET_NAME)";
				SKIP_INSTALL = YES;
				SWIFT_EMIT_LOC_STRINGS = YES;
			};
			name = Debug;
		};
		65E00C13A1A5AFC5EDB46332 /* Release */ = {
			isa = XCBuildConfiguration;
			buildSettings = {
				CODE_SIGN_STYLE = Automatic;
				CURRENT_PROJECT_VERSION = 14;
				GENERATE_INFOPLIST_FILE = YES;
				MARKETING_VERSION = 1.0;
				SWIFT_VERSION = 5.0;
				TARGETED_DEVICE_FAMILY = "1";
				IPHONEOS_DEPLOYMENT_TARGET = 17.0;
				CODE_SIGN_ENTITLEMENTS = CrimpBlockWidget/CrimpBlockWidget.entitlements;
				INFOPLIST_FILE = CrimpBlockWidget/Info.plist;
				INFOPLIST_KEY_CFBundleDisplayName = "Deadpoint";
				DEVELOPMENT_TEAM = 87F48SV42Q;
				PRODUCT_BUNDLE_IDENTIFIER = uk.co.sullivanltd.crimpblock.widget;
				PRODUCT_NAME = "$(TARGET_NAME)";
				SKIP_INSTALL = YES;
				SWIFT_EMIT_LOC_STRINGS = YES;
			};
			name = Release;
		};
		F593F522C1108567A2D5B633 /* Debug */ = {
			isa = XCBuildConfiguration;
			buildSettings = {
				CODE_SIGN_STYLE = Automatic;
				CURRENT_PROJECT_VERSION = 14;
				GENERATE_INFOPLIST_FILE = YES;
				MARKETING_VERSION = 1.0;
				SWIFT_VERSION = 5.0;
				TARGETED_DEVICE_FAMILY = "1";
				IPHONEOS_DEPLOYMENT_TARGET = 17.0;
				DEVELOPMENT_TEAM = 87F48SV42Q;
				PRODUCT_BUNDLE_IDENTIFIER = uk.co.sullivanltd.crimpblock.tests;
				PRODUCT_NAME = "$(TARGET_NAME)";
				SWIFT_EMIT_LOC_STRINGS = NO;
				TEST_HOST = "$(BUILT_PRODUCTS_DIR)/CrimpBlock.app/CrimpBlock";
				BUNDLE_LOADER = "$(TEST_HOST)";
			};
			name = Debug;
		};
		3E90936993824620B0E7C8DD /* Release */ = {
			isa = XCBuildConfiguration;
			buildSettings = {
				CODE_SIGN_STYLE = Automatic;
				CURRENT_PROJECT_VERSION = 14;
				GENERATE_INFOPLIST_FILE = YES;
				MARKETING_VERSION = 1.0;
				SWIFT_VERSION = 5.0;
				TARGETED_DEVICE_FAMILY = "1";
				IPHONEOS_DEPLOYMENT_TARGET = 17.0;
				DEVELOPMENT_TEAM = 87F48SV42Q;
				PRODUCT_BUNDLE_IDENTIFIER = uk.co.sullivanltd.crimpblock.tests;
				PRODUCT_NAME = "$(TARGET_NAME)";
				SWIFT_EMIT_LOC_STRINGS = NO;
				TEST_HOST = "$(BUILT_PRODUCTS_DIR)/CrimpBlock.app/CrimpBlock";
				BUNDLE_LOADER = "$(TEST_HOST)";
			};
			name = Release;
		};
/* End XCBuildConfiguration section */

/* Begin XCConfigurationList section */
		92BED72DA5E11B035406C3B0 /* Build configuration list for PBXProject "CrimpBlock" */ = {
			isa = XCConfigurationList;
			buildConfigurations = ( 3CE20634B666D1A470D7897F /* Debug */, 8AD368C71FC3B120E36F1D36 /* Release */, );
			defaultConfigurationIsVisible = 0;
			defaultConfigurationName = Release;
		};
		B87F553A23E9F13665B4BF78 /* Build configuration list for PBXNativeTarget "CrimpBlock" */ = {
			isa = XCConfigurationList;
			buildConfigurations = ( 03A1206B7F005E4284FA274E /* Debug */, F76AA42E5A0AD40CC173C403 /* Release */, );
			defaultConfigurationIsVisible = 0;
			defaultConfigurationName = Release;
		};
		11912D043489B3B8DB3E5895 /* Build configuration list for PBXNativeTarget "CrimpBlockWidgetExtension" */ = {
			isa = XCConfigurationList;
			buildConfigurations = ( 6AD547E4269EB2D7617915C9 /* Debug */, 65E00C13A1A5AFC5EDB46332 /* Release */, );
			defaultConfigurationIsVisible = 0;
			defaultConfigurationName = Release;
		};
		C6EAEB4B2A293C7A860CF7F7 /* Build configuration list for PBXNativeTarget "CrimpBlockTests" */ = {
			isa = XCConfigurationList;
			buildConfigurations = ( F593F522C1108567A2D5B633 /* Debug */, 3E90936993824620B0E7C8DD /* Release */, );
			defaultConfigurationIsVisible = 0;
			defaultConfigurationName = Release;
		};
/* End XCConfigurationList section */
	};
	rootObject = 0BE12DF9407D2C38A0E912F5 /* Project object */;
}
